
Microsoft Visual Studio Solution File, Format Version 12.00
# Visual Studio Version 17
VisualStudioVersion = 17.8.34408.163
MinimumVisualStudioVersion = 10.0.40219.1
Project("{2150E333-8FDC-42A3-9474-1A3956D46DE8}") = "Microservices", "Microservices", "{E702B220-C5DB-4800-9E52-685C870DAE9B}"
EndProject
Project("{2150E333-8FDC-42A3-9474-1A3956D46DE8}") = "Infra.Bus", "Infra.Bus", "{FCBE8621-BC49-45F4-9844-F56233311F4C}"
EndProject
Project("{2150E333-8FDC-42A3-9474-1A3956D46DE8}") = "Domain", "Domain", "{28F16358-8395-4AEA-B5C7-E56F2984FFD9}"
EndProject
Project("{2150E333-8FDC-42A3-9474-1A3956D46DE8}") = "Infra.IoC", "Infra.IoC", "{7460FE65-180C-45C6-B971-D9F0EEAF776F}"
EndProject
Project("{2150E333-8FDC-42A3-9474-1A3956D46DE8}") = "Presentation", "Presentation", "{5910AE4D-7FCD-45F3-BE6D-7D78F6D5EB74}"
EndProject
Project("{FAE04EC0-301F-11D3-BF4B-00C04F79EFBC}") = "MicroRabbit.Domain.Core", "MicroRabbit.Domain.Core\MicroRabbit.Domain.Core.csproj", "{5793A4DA-1090-422E-8FFD-6AE1EB7700DD}"
EndProject
Project("{FAE04EC0-301F-11D3-BF4B-00C04F79EFBC}") = "MicroRabbit.Infra.Bus", "MicroRabbit.Infra.Bus\MicroRabbit.Infra.Bus.csproj", "{CC2F2A96-5CD4-4BA9-99CC-08D1F77EAFAC}"
EndProject
Project("{FAE04EC0-301F-11D3-BF4B-00C04F79EFBC}") = "MicroRabbit.Infra.IoC", "MicroRabbit.Infra.IoC\MicroRabbit.Infra.IoC.csproj", "{E5CE63CC-E934-4E10-BB7F-98FDDF2894D6}"
EndProject
Project("{2150E333-8FDC-42A3-9474-1A3956D46DE8}") = "Banking", "Banking", "{45FE6818-FDC5-48D5-BE3E-A6F1444240A0}"
EndProject
Project("{2150E333-8FDC-42A3-9474-1A3956D46DE8}") = "Api", "Api", "{5974CF3D-E251-49AE-83AF-8B4908BEC7C8}"
EndProject
Project("{2150E333-8FDC-42A3-9474-1A3956D46DE8}") = "Domain", "Domain", "{846C423A-3297-4736-B8C1-C2C4CC2FC058}"
EndProject
Project("{2150E333-8FDC-42A3-9474-1A3956D46DE8}") = "Application", "Application", "{EFA3C2E0-245C-443E-972D-C274FFE94841}"
EndProject
Project("{2150E333-8FDC-42A3-9474-1A3956D46DE8}") = "Data", "Data", "{4CAD353A-78C7-42C6-BD0B-B34D067B2F6A}"
EndProject
Project("{FAE04EC0-301F-11D3-BF4B-00C04F79EFBC}") = "MicroRabbit.Banking.Api", "MicoRabbit.Banking.Api\MicroRabbit.Banking.Api.csproj", "{D89556E4-3221-4C1B-A2EE-D5370DAB5354}"
EndProject
Project("{FAE04EC0-301F-11D3-BF4B-00C04F79EFBC}") = "MicroRabbit.Banking.Application", "MicoRabbit.Banking.Application\MicroRabbit.Banking.Application.csproj", "{02D6D6D0-F6A6-488A-8DFE-DED9F63A5106}"
EndProject
Project("{FAE04EC0-301F-11D3-BF4B-00C04F79EFBC}") = "MicroRabbit.Banking.Data", "MicroRabbit.Banking.Data\MicroRabbit.Banking.Data.csproj", "{5DAAD94D-A184-49A3-895A-E6F4E3D9D8B3}"
EndProject
Project("{FAE04EC0-301F-11D3-BF4B-00C04F79EFBC}") = "MicroRabbit.Banking.Domain", "MicroRabbit.Banking.Domain\MicroRabbit.Banking.Domain.csproj", "{A3BA2756-2EA5-4BC2-9691-BE163F8351DB}"
EndProject
Global
	GlobalSection(SolutionConfigurationPlatforms) = preSolution
		Debug|Any CPU = Debug|Any CPU
		Release|Any CPU = Release|Any CPU
	EndGlobalSection
	GlobalSection(ProjectConfigurationPlatforms) = postSolution
		{5793A4DA-1090-422E-8FFD-6AE1EB7700DD}.Debug|Any CPU.ActiveCfg = Debug|Any CPU
		{5793A4DA-1090-422E-8FFD-6AE1EB7700DD}.Debug|Any CPU.Build.0 = Debug|Any CPU
		{5793A4DA-1090-422E-8FFD-6AE1EB7700DD}.Release|Any CPU.ActiveCfg = Release|Any CPU
		{5793A4DA-1090-422E-8FFD-6AE1EB7700DD}.Release|Any CPU.Build.0 = Release|Any CPU
		{CC2F2A96-5CD4-4BA9-99CC-08D1F77EAFAC}.Debug|Any CPU.ActiveCfg = Debug|Any CPU
		{CC2F2A96-5CD4-4BA9-99CC-08D1F77EAFAC}.Debug|Any CPU.Build.0 = Debug|Any CPU
		{CC2F2A96-5CD4-4BA9-99CC-08D1F77EAFAC}.Release|Any CPU.ActiveCfg = Release|Any CPU
		{CC2F2A96-5CD4-4BA9-99CC-08D1F77EAFAC}.Release|Any CPU.Build.0 = Release|Any CPU
		{E5CE63CC-E934-4E10-BB7F-98FDDF2894D6}.Debug|Any CPU.ActiveCfg = Debug|Any CPU
		{E5CE63CC-E934-4E10-BB7F-98FDDF2894D6}.Debug|Any CPU.Build.0 = Debug|Any CPU
		{E5CE63CC-E934-4E10-BB7F-98FDDF2894D6}.Release|Any CPU.ActiveCfg = Release|Any CPU
		{E5CE63CC-E934-4E10-BB7F-98FDDF2894D6}.Release|Any CPU.Build.0 = Release|Any CPU
		{D89556E4-3221-4C1B-A2EE-D5370DAB5354}.Debug|Any CPU.ActiveCfg = Debug|Any CPU
		{D89556E4-3221-4C1B-A2EE-D5370DAB5354}.Debug|Any CPU.Build.0 = Debug|Any CPU
		{D89556E4-3221-4C1B-A2EE-D5370DAB5354}.Release|Any CPU.ActiveCfg = Release|Any CPU
		{D89556E4-3221-4C1B-A2EE-D5370DAB5354}.Release|Any CPU.Build.0 = Release|Any CPU
		{02D6D6D0-F6A6-488A-8DFE-DED9F63A5106}.Debug|Any CPU.ActiveCfg = Debug|Any CPU
		{02D6D6D0-F6A6-488A-8DFE-DED9F63A5106}.Debug|Any CPU.Build.0 = Debug|Any CPU
		{02D6D6D0-F6A6-488A-8DFE-DED9F63A5106}.Release|Any CPU.ActiveCfg = Release|Any CPU
		{02D6D6D0-F6A6-488A-8DFE-DED9F63A5106}.Release|Any CPU.Build.0 = Release|Any CPU
		{5DAAD94D-A184-49A3-895A-E6F4E3D9D8B3}.Debug|Any CPU.ActiveCfg = Debug|Any CPU
		{5DAAD94D-A184-49A3-895A-E6F4E3D9D8B3}.Debug|Any CPU.Build.0 = Debug|Any CPU
		{5DAAD94D-A184-49A3-895A-E6F4E3D9D8B3}.Release|Any CPU.ActiveCfg = Release|Any CPU
		{5DAAD94D-A184-49A3-895A-E6F4E3D9D8B3}.Release|Any CPU.Build.0 = Release|Any CPU
		{A3BA2756-2EA5-4BC2-9691-BE163F8351DB}.Debug|Any CPU.ActiveCfg = Debug|Any CPU
		{A3BA2756-2EA5-4BC2-9691-BE163F8351DB}.Debug|Any CPU.Build.0 = Debug|Any CPU
		{A3BA2756-2EA5-4BC2-9691-BE163F8351DB}.Release|Any CPU.ActiveCfg = Release|Any CPU
		{A3BA2756-2EA5-4BC2-9691-BE163F8351DB}.Release|Any CPU.Build.0 = Release|Any CPU
	EndGlobalSection
	GlobalSection(SolutionProperties) = preSolution
		HideSolutionNode = FALSE
	EndGlobalSection
	GlobalSection(NestedProjects) = preSolution
		{5793A4DA-1090-422E-8FFD-6AE1EB7700DD} = {28F16358-8395-4AEA-B5C7-E56F2984FFD9}
		{CC2F2A96-5CD4-4BA9-99CC-08D1F77EAFAC} = {FCBE8621-BC49-45F4-9844-F56233311F4C}
		{E5CE63CC-E934-4E10-BB7F-98FDDF2894D6} = {7460FE65-180C-45C6-B971-D9F0EEAF776F}
		{45FE6818-FDC5-48D5-BE3E-A6F1444240A0} = {E702B220-C5DB-4800-9E52-685C870DAE9B}
		{5974CF3D-E251-49AE-83AF-8B4908BEC7C8} = {45FE6818-FDC5-48D5-BE3E-A6F1444240A0}
		{846C423A-3297-4736-B8C1-C2C4CC2FC058} = {45FE6818-FDC5-48D5-BE3E-A6F1444240A0}
		{EFA3C2E0-245C-443E-972D-C274FFE94841} = {45FE6818-FDC5-48D5-BE3E-A6F1444240A0}
		{4CAD353A-78C7-42C6-BD0B-B34D067B2F6A} = {45FE6818-FDC5-48D5-BE3E-A6F1444240A0}
		{D89556E4-3221-4C1B-A2EE-D5370DAB5354} = {5974CF3D-E251-49AE-83AF-8B4908BEC7C8}
		{02D6D6D0-F6A6-488A-8DFE-DED9F63A5106} = {EFA3C2E0-245C-443E-972D-C274FFE94841}
		{5DAAD94D-A184-49A3-895A-E6F4E3D9D8B3} = {4CAD353A-78C7-42C6-BD0B-B34D067B2F6A}
		{A3BA2756-2EA5-4BC2-9691-BE163F8351DB} = {846C423A-3297-4736-B8C1-C2C4CC2FC058}
	EndGlobalSection
	GlobalSection(ExtensibilityGlobals) = postSolution
		SolutionGuid = {0C6E918C-4025-4A8B-B7EB-8DA7B63EBEF3}
	EndGlobalSection
EndGlobal
